
Microsoft Visual Studio Solution File, Format Version 12.00
Project("{FAE04EC0-301F-11D3-BF4B-00C04F79EFBC}") = "Tpcly.Http.Proxy", "Tpcly.Http.Proxy\Tpcly.Http.Proxy.csproj", "{64C1EE54-8422-4738-BD83-3ECFFFAF1E9A}"
EndProject
Project("{FAE04EC0-301F-11D3-BF4B-00C04F79EFBC}") = "Tpcly.Http.UserAgent", "Tpcly.Http.UserAgent\Tpcly.Http.UserAgent.csproj", "{28EAE62A-CE1B-4671-801D-166BB75A2AD5}"
EndProject
Project("{FAE04EC0-301F-11D3-BF4B-00C04F79EFBC}") = "Tpcly.Http.UserAgent.Tests", "Tpcly.Http.UserAgent.Tests\Tpcly.Http.UserAgent.Tests.csproj", "{073A9375-AA23-4F60-BC2D-9759D080BF7D}"
EndProject
Global
	GlobalSection(SolutionConfigurationPlatforms) = preSolution
		Debug|Any CPU = Debug|Any CPU
		Release|Any CPU = Release|Any CPU
	EndGlobalSection
	GlobalSection(ProjectConfigurationPlatforms) = postSolution
		{64C1EE54-8422-4738-BD83-3ECFFFAF1E9A}.Debug|Any CPU.ActiveCfg = Debug|Any CPU
		{64C1EE54-8422-4738-BD83-3ECFFFAF1E9A}.Debug|Any CPU.Build.0 = Debug|Any CPU
		{64C1EE54-8422-4738-BD83-3ECFFFAF1E9A}.Release|Any CPU.ActiveCfg = Release|Any CPU
		{64C1EE54-8422-4738-BD83-3ECFFFAF1E9A}.Release|Any CPU.Build.0 = Release|Any CPU
		{28EAE62A-CE1B-4671-801D-166BB75A2AD5}.Debug|Any CPU.ActiveCfg = Debug|Any CPU
		{28EAE62A-CE1B-4671-801D-166BB75A2AD5}.Debug|Any CPU.Build.0 = Debug|Any CPU
		{28EAE62A-CE1B-4671-801D-166BB75A2AD5}.Release|Any CPU.ActiveCfg = Release|Any CPU
		{28EAE62A-CE1B-4671-801D-166BB75A2AD5}.Release|Any CPU.Build.0 = Release|Any CPU
		{073A9375-AA23-4F60-BC2D-9759D080BF7D}.Debug|Any CPU.ActiveCfg = Debug|Any CPU
		{073A9375-AA23-4F60-BC2D-9759D080BF7D}.Debug|Any CPU.Build.0 = Debug|Any CPU
		{073A9375-AA23-4F60-BC2D-9759D080BF7D}.Release|Any CPU.ActiveCfg = Release|Any CPU
		{073A9375-AA23-4F60-BC2D-9759D080BF7D}.Release|Any CPU.Build.0 = Release|Any CPU
	EndGlobalSection
EndGlobal
